
Microsoft Visual Studio Solution File, Format Version 12.00
# Visual Studio Version 16
VisualStudioVersion = 16.0.33927.289
MinimumVisualStudioVersion = 10.0.40219.1
Project("{FAE04EC0-301F-11D3-BF4B-00C04F79EFBC}") = "practica1", "practica1\practica1.csproj", "{6DC28308-2B1C-49CF-B648-70B104515E09}"
EndProject
Global
	GlobalSection(SolutionConfigurationPlatforms) = preSolution
		Debug|Any CPU = Debug|Any CPU
		Release|Any CPU = Release|Any CPU
	EndGlobalSection
	GlobalSection(ProjectConfigurationPlatforms) = postSolution
		{6DC28308-2B1C-49CF-B648-70B104515E09}.Debug|Any CPU.ActiveCfg = Debug|Any CPU
		{6DC28308-2B1C-49CF-B648-70B104515E09}.Debug|Any CPU.Build.0 = Debug|Any CPU
		{6DC28308-2B1C-49CF-B648-70B104515E09}.Release|Any CPU.ActiveCfg = Release|Any CPU
		{6DC28308-2B1C-49CF-B648-70B104515E09}.Release|Any CPU.Build.0 = Release|Any CPU
	EndGlobalSection
	GlobalSection(SolutionProperties) = preSolution
		HideSolutionNode = FALSE
	EndGlobalSection
	GlobalSection(ExtensibilityGlobals) = postSolution
		SolutionGuid = {26F2B0C7-0563-42A0-9EA3-463B93AE7BE8}
	EndGlobalSection
EndGlobal
